{
  "version": 4,
  "terraform_version": "1.8.1",
  "serial": 23,
  "lineage": "8f56bfcc-7e3b-94e3-8f2e-030db2ab53ba",
  "outputs": {},
  "resources": [
    {
      "mode": "managed",
      "type": "azurerm_role_assignment",
      "name": "role_assignment",
      "provider": "provider[\"registry.terraform.io/hashicorp/azurerm\"]",
      "instances": [
        {
          "schema_version": 0,
          "attributes": {
            "condition": "",
            "condition_version": "",
            "delegated_managed_identity_resource_id": "",
            "description": "",
            "id": "/subscriptions/fa5e622d-54ca-44cc-b46a-b704d26a9de1/resourceGroups/weudrgvol1/providers/Microsoft.ContainerRegistry/registries/weudacrvol1/providers/Microsoft.Authorization/roleAssignments/0538208b-054b-a376-d458-939da9955f3a",
            "name": "0538208b-054b-a376-d458-939da9955f3a",
            "principal_id": "fb6ee914-50bb-4f77-b6fe-1e18383f8ff9",
            "principal_type": "ServicePrincipal",
            "role_definition_id": "/subscriptions/fa5e622d-54ca-44cc-b46a-b704d26a9de1/providers/Microsoft.Authorization/roleDefinitions/7f951dda-4ed3-4680-a7ca-43fe172d538d",
            "role_definition_name": "AcrPull",
            "scope": "/subscriptions/fa5e622d-54ca-44cc-b46a-b704d26a9de1/resourceGroups/weudrgvol1/providers/Microsoft.ContainerRegistry/registries/weudacrvol1",
            "skip_service_principal_aad_check": true,
            "timeouts": null
          },
          "sensitive_attributes": [],
          "private": "eyJlMmJmYjczMC1lY2FhLTExZTYtOGY4OC0zNDM2M2JjN2M0YzAiOnsiY3JlYXRlIjoxODAwMDAwMDAwMDAwLCJkZWxldGUiOjE4MDAwMDAwMDAwMDAsInJlYWQiOjMwMDAwMDAwMDAwMH19"
        }
      ]
    }
  ],
  "check_results": null
}
