{
  "version": 4,
  "terraform_version": "1.8.0",
  "serial": 4,
  "lineage": "91c248d3-0a08-3e95-03d2-51339afa000e",
  "outputs": {
    "container_name": {
      "value": "weudacrvol1",
      "type": "string"
    },
    "scope": {
      "value": "/subscriptions/fa5e622d-54ca-44cc-b46a-b704d26a9de1/resourceGroups/weudrgvol1/providers/Microsoft.ContainerRegistry/registries/weudacrvol1",
      "type": "string"
    }
  },
  "resources": [
    {
      "mode": "managed",
      "type": "azurerm_container_registry",
      "name": "container",
      "provider": "provider[\"registry.terraform.io/hashicorp/azurerm\"]",
      "instances": [
        {
          "schema_version": 2,
          "attributes": {
            "admin_enabled": false,
            "admin_password": "",
            "admin_username": "",
            "anonymous_pull_enabled": false,
            "data_endpoint_enabled": false,
            "encryption": [
              {
                "enabled": false,
                "identity_client_id": "",
                "key_vault_key_id": ""
              }
            ],
            "export_policy_enabled": true,
            "georeplications": [],
            "id": "/subscriptions/fa5e622d-54ca-44cc-b46a-b704d26a9de1/resourceGroups/weudrgvol1/providers/Microsoft.ContainerRegistry/registries/weudacrvol1",
            "identity": [],
            "location": "westeurope",
            "login_server": "weudacrvol1.azurecr.io",
            "name": "weudacrvol1",
            "network_rule_bypass_option": "AzureServices",
            "network_rule_set": [],
            "public_network_access_enabled": true,
            "quarantine_policy_enabled": false,
            "resource_group_name": "weudrgvol1",
            "retention_policy": [
              {
                "days": 7,
                "enabled": false
              }
            ],
            "sku": "Basic",
            "tags": null,
            "timeouts": null,
            "trust_policy": [
              {
                "enabled": false
              }
            ],
            "zone_redundancy_enabled": false
          },
          "sensitive_attributes": [],
          "private": "eyJlMmJmYjczMC1lY2FhLTExZTYtOGY4OC0zNDM2M2JjN2M0YzAiOnsiY3JlYXRlIjoxODAwMDAwMDAwMDAwLCJkZWxldGUiOjE4MDAwMDAwMDAwMDAsInJlYWQiOjMwMDAwMDAwMDAwMCwidXBkYXRlIjoxODAwMDAwMDAwMDAwfSwic2NoZW1hX3ZlcnNpb24iOiIyIn0="
        }
      ]
    }
  ],
  "check_results": null
}
